# THIS IS AN AUTOGENERATED FILE. DO NOT EDIT THIS FILE DIRECTLY.
# yarn lockfile v1


angular2@^2.0.0-beta.17:
  version "2.0.0-beta.21"
  resolved "https://registry.yarnpkg.com/angular2/-/angular2-2.0.0-beta.21.tgz#78643e590641526a2596dcd1d5cca3a5509ed76d"

es6-module-loader@^0.17.4:
  version "0.17.11"
  resolved "https://registry.yarnpkg.com/es6-module-loader/-/es6-module-loader-0.17.11.tgz#094f042e3b4d3086bcfd17380affabdfc99f35d7"
  dependencies:
    when "^3.7.2"

es6-shim@^0.35.1:
  version "0.35.3"
  resolved "https://registry.yarnpkg.com/es6-shim/-/es6-shim-0.35.3.tgz#9bfb7363feffff87a6cdb6cd93e405ec3c4b6f26"

reflect-metadata@0.1.2:
  version "0.1.2"
  resolved "https://registry.yarnpkg.com/reflect-metadata/-/reflect-metadata-0.1.2.tgz#ea23e5823dc830f292822bd3da9b89fd57bffb03"

rxjs@5.0.0-beta.6:
  version "5.0.0-beta.6"
  resolved "https://registry.yarnpkg.com/rxjs/-/rxjs-5.0.0-beta.6.tgz#cb6dc46d6ddfedfeefc9b15dafd09c34a4370d23"

systemjs@0.19.6:
  version "0.19.6"
  resolved "https://registry.yarnpkg.com/systemjs/-/systemjs-0.19.6.tgz#64307481ed1dd6c07c1f1e2367af72c99e98e347"
  dependencies:
    es6-module-loader "^0.17.4"
    when "^3.7.2"

todomvc-app-css@^2.0.0:
  version "2.0.6"
  resolved "https://registry.yarnpkg.com/todomvc-app-css/-/todomvc-app-css-2.0.6.tgz#0b3667c5e189f1568d9a9bf7947ebd928406961d"

todomvc-common@^1.0.1:
  version "1.0.3"
  resolved "https://registry.yarnpkg.com/todomvc-common/-/todomvc-common-1.0.3.tgz#cba1868109caa401b908ebf77794cc1014b74873"

typescript@^1.8.10:
  version "1.8.10"
  resolved "https://registry.yarnpkg.com/typescript/-/typescript-1.8.10.tgz#b475d6e0dff0bf50f296e5ca6ef9fbb5c7320f1e"

when@^3.7.2:
  version "3.7.8"
  resolved "https://registry.yarnpkg.com/when/-/when-3.7.8.tgz#c7130b6a7ea04693e842cdc9e7a1f2aa39a39f82"

zone.js@^0.6.17:
  version "0.6.26"
  resolved "https://registry.yarnpkg.com/zone.js/-/zone.js-0.6.26.tgz#067c13b8b80223a89b62e9dc82680f09762c4636"
